Microsoft Visual Studio Solution File, Format Version 12.00
# Visual Studio 14
VisualStudioVersion = 14.0.25420.1
MinimumVisualStudioVersion = 10.0.40219.1
Project("{8BC9CEB8-8B4A-11D0-8D11-00A0C91BC942}") = "01-mydevice", "examples\GLUT\01-mydevice\01-mydevice-VS2015.vcxproj", "{DF4A1F32-BA3E-4604-A9F5-721CAAA9EA71}"
EndProject
Project("{8BC9CEB8-8B4A-11D0-8D11-00A0C91BC942}") = "02-multi-devices", "examples\GLUT\02-multi-devices\02-multi-devices-VS2015.vcxproj", "{D133A1BF-E97C-4495-8FD5-556CA25179D8}"
	ProjectSection(ProjectDependencies) = postProject
		{A9F01342-5463-4634-B1F9-BF98CD5591B0} = {A9F01342-5463-4634-B1F9-BF98CD5591B0}
		{71AF75A0-52B6-4C1B-8E56-CB31C6741A18} = {71AF75A0-52B6-4C1B-8E56-CB31C6741A18}
	EndProjectSection
EndProject
Project("{8BC9CEB8-8B4A-11D0-8D11-00A0C91BC942}") = "MoCapIntegrated", "examples\GLUT\07-mouse-select\07-mouse-select-VS2015.vcxproj", "{80D39AAC-D04B-4690-BC88-036BF0D9A079}"
	ProjectSection(ProjectDependencies) = postProject
		{A9F01342-5463-4634-B1F9-BF98CD5591B0} = {A9F01342-5463-4634-B1F9-BF98CD5591B0}
		{71AF75A0-52B6-4C1B-8E56-CB31C6741A18} = {71AF75A0-52B6-4C1B-8E56-CB31C6741A18}
	EndProjectSection
EndProject
Project("{8BC9CEB8-8B4A-11D0-8D11-00A0C91BC942}") = "32-Mocap", "examples\GLUT\20-map\20-map-VS2015.vcxproj", "{4DB1C224-FB7B-4AA2-8E59-2252CBBA6EE2}"
	ProjectSection(ProjectDependencies) = postProject
		{A9F01342-5463-4634-B1F9-BF98CD5591B0} = {A9F01342-5463-4634-B1F9-BF98CD5591B0}
		{71AF75A0-52B6-4C1B-8E56-CB31C6741A18} = {71AF75A0-52B6-4C1B-8E56-CB31C6741A18}
	EndProjectSection
EndProject
Project("{8BC9CEB8-8B4A-11D0-8D11-00A0C91BC942}") = "BoostServerNatNetClient", "examples\GLUT\21-object\21-object-VS2015.vcxproj", "{093BD170-68C0-488A-890F-F3BB3B9A7FD1}"
EndProject
Project("{8BC9CEB8-8B4A-11D0-8D11-00A0C91BC942}") = "BoostServer", "examples\GLUT\27-multiframes\27-multiframes-VS2015.vcxproj", "{41047738-C5C7-4821-9E34-E3DCA990E716}"
EndProject
Project("{8BC9CEB8-8B4A-11D0-8D11-00A0C91BC942}") = "CHAI3D", "CHAI3D-VS2015.vcxproj", "{A9F01342-5463-4634-B1F9-BF98CD5591B0}"
EndProject
Project("{8BC9CEB8-8B4A-11D0-8D11-00A0C91BC942}") = "freeglut", "extras\freeglut\freeglut-VS2015.vcxproj", "{71AF75A0-52B6-4C1B-8E56-CB31C6741A18}"
EndProject
Project("{8BC9CEB8-8B4A-11D0-8D11-00A0C91BC942}") = "BoostClient", "examples\GLUT\08-shaders\08-shaders-VS2015.vcxproj", "{FA374001-442E-4E89-9E46-83CCE70A3064}"
EndProject
Project("{8BC9CEB8-8B4A-11D0-8D11-00A0C91BC942}") = "NatNetClient", "..\..\NatNet_SDK_2.10\NatNetSDK\Samples\SampleClient\SampleClient.vcxproj", "{FA84C39B-9F95-4151-A7A9-16BB5B0DE170}"
EndProject
Project("{8BC9CEB8-8B4A-11D0-8D11-00A0C91BC942}") = "Mock server for Harald", "examples\GLUT\28-voxel-basic\28-voxel-basic-VS2015.vcxproj", "{C22AB767-6673-4A9D-962E-A47C3D88D57E}"
EndProject
Global
	GlobalSection(SolutionConfigurationPlatforms) = preSolution
		Debug|x64 = Debug|x64
		Debug|x86 = Debug|x86
		Release|x64 = Release|x64
		Release|x86 = Release|x86
	EndGlobalSection
	GlobalSection(ProjectConfigurationPlatforms) = postSolution
		{DF4A1F32-BA3E-4604-A9F5-721CAAA9EA71}.Debug|x64.ActiveCfg = Debug|x64
		{DF4A1F32-BA3E-4604-A9F5-721CAAA9EA71}.Debug|x64.Build.0 = Debug|x64
		{DF4A1F32-BA3E-4604-A9F5-721CAAA9EA71}.Debug|x86.ActiveCfg = Debug|Win32
		{DF4A1F32-BA3E-4604-A9F5-721CAAA9EA71}.Debug|x86.Build.0 = Debug|Win32
		{DF4A1F32-BA3E-4604-A9F5-721CAAA9EA71}.Release|x64.ActiveCfg = Release|x64
		{DF4A1F32-BA3E-4604-A9F5-721CAAA9EA71}.Release|x64.Build.0 = Release|x64
		{DF4A1F32-BA3E-4604-A9F5-721CAAA9EA71}.Release|x86.ActiveCfg = Release|Win32
		{DF4A1F32-BA3E-4604-A9F5-721CAAA9EA71}.Release|x86.Build.0 = Release|Win32
		{D133A1BF-E97C-4495-8FD5-556CA25179D8}.Debug|x64.ActiveCfg = Debug|x64
		{D133A1BF-E97C-4495-8FD5-556CA25179D8}.Debug|x64.Build.0 = Debug|x64
		{D133A1BF-E97C-4495-8FD5-556CA25179D8}.Debug|x86.ActiveCfg = Debug|Win32
		{D133A1BF-E97C-4495-8FD5-556CA25179D8}.Debug|x86.Build.0 = Debug|Win32
		{D133A1BF-E97C-4495-8FD5-556CA25179D8}.Release|x64.ActiveCfg = Release|x64
		{D133A1BF-E97C-4495-8FD5-556CA25179D8}.Release|x64.Build.0 = Release|x64
		{D133A1BF-E97C-4495-8FD5-556CA25179D8}.Release|x86.ActiveCfg = Release|Win32
		{D133A1BF-E97C-4495-8FD5-556CA25179D8}.Release|x86.Build.0 = Release|Win32
		{80D39AAC-D04B-4690-BC88-036BF0D9A079}.Debug|x64.ActiveCfg = Debug|x64
		{80D39AAC-D04B-4690-BC88-036BF0D9A079}.Debug|x64.Build.0 = Debug|x64
		{80D39AAC-D04B-4690-BC88-036BF0D9A079}.Debug|x86.ActiveCfg = Debug|Win32
		{80D39AAC-D04B-4690-BC88-036BF0D9A079}.Debug|x86.Build.0 = Debug|Win32
		{80D39AAC-D04B-4690-BC88-036BF0D9A079}.Release|x64.ActiveCfg = Release|x64
		{80D39AAC-D04B-4690-BC88-036BF0D9A079}.Release|x64.Build.0 = Release|x64
		{80D39AAC-D04B-4690-BC88-036BF0D9A079}.Release|x86.ActiveCfg = Release|Win32
		{80D39AAC-D04B-4690-BC88-036BF0D9A079}.Release|x86.Build.0 = Release|Win32
		{4DB1C224-FB7B-4AA2-8E59-2252CBBA6EE2}.Debug|x64.ActiveCfg = Debug|x64
		{4DB1C224-FB7B-4AA2-8E59-2252CBBA6EE2}.Debug|x64.Build.0 = Debug|x64
		{4DB1C224-FB7B-4AA2-8E59-2252CBBA6EE2}.Debug|x86.ActiveCfg = Debug|Win32
		{4DB1C224-FB7B-4AA2-8E59-2252CBBA6EE2}.Debug|x86.Build.0 = Debug|Win32
		{4DB1C224-FB7B-4AA2-8E59-2252CBBA6EE2}.Release|x64.ActiveCfg = Release|x64
		{4DB1C224-FB7B-4AA2-8E59-2252CBBA6EE2}.Release|x64.Build.0 = Release|x64
		{4DB1C224-FB7B-4AA2-8E59-2252CBBA6EE2}.Release|x86.ActiveCfg = Release|Win32
		{4DB1C224-FB7B-4AA2-8E59-2252CBBA6EE2}.Release|x86.Build.0 = Release|Win32
		{093BD170-68C0-488A-890F-F3BB3B9A7FD1}.Debug|x64.ActiveCfg = Debug|x64
		{093BD170-68C0-488A-890F-F3BB3B9A7FD1}.Debug|x64.Build.0 = Debug|x64
		{093BD170-68C0-488A-890F-F3BB3B9A7FD1}.Debug|x86.ActiveCfg = Debug|Win32
		{093BD170-68C0-488A-890F-F3BB3B9A7FD1}.Debug|x86.Build.0 = Debug|Win32
		{093BD170-68C0-488A-890F-F3BB3B9A7FD1}.Release|x64.ActiveCfg = Release|x64
		{093BD170-68C0-488A-890F-F3BB3B9A7FD1}.Release|x64.Build.0 = Release|x64
		{093BD170-68C0-488A-890F-F3BB3B9A7FD1}.Release|x86.ActiveCfg = Release|Win32
		{093BD170-68C0-488A-890F-F3BB3B9A7FD1}.Release|x86.Build.0 = Release|Win32
		{41047738-C5C7-4821-9E34-E3DCA990E716}.Debug|x64.ActiveCfg = Debug|x64
		{41047738-C5C7-4821-9E34-E3DCA990E716}.Debug|x64.Build.0 = Debug|x64
		{41047738-C5C7-4821-9E34-E3DCA990E716}.Debug|x86.ActiveCfg = Debug|Win32
		{41047738-C5C7-4821-9E34-E3DCA990E716}.Debug|x86.Build.0 = Debug|Win32
		{41047738-C5C7-4821-9E34-E3DCA990E716}.Release|x64.ActiveCfg = Release|x64
		{41047738-C5C7-4821-9E34-E3DCA990E716}.Release|x64.Build.0 = Release|x64
		{41047738-C5C7-4821-9E34-E3DCA990E716}.Release|x86.ActiveCfg = Release|Win32
		{41047738-C5C7-4821-9E34-E3DCA990E716}.Release|x86.Build.0 = Release|Win32
		{A9F01342-5463-4634-B1F9-BF98CD5591B0}.Debug|x64.ActiveCfg = Debug|x64
		{A9F01342-5463-4634-B1F9-BF98CD5591B0}.Debug|x64.Build.0 = Debug|x64
		{A9F01342-5463-4634-B1F9-BF98CD5591B0}.Debug|x86.ActiveCfg = Debug|Win32
		{A9F01342-5463-4634-B1F9-BF98CD5591B0}.Debug|x86.Build.0 = Debug|Win32
		{A9F01342-5463-4634-B1F9-BF98CD5591B0}.Release|x64.ActiveCfg = Release|x64
		{A9F01342-5463-4634-B1F9-BF98CD5591B0}.Release|x64.Build.0 = Release|x64
		{A9F01342-5463-4634-B1F9-BF98CD5591B0}.Release|x86.ActiveCfg = Release|Win32
		{A9F01342-5463-4634-B1F9-BF98CD5591B0}.Release|x86.Build.0 = Release|Win32
		{71AF75A0-52B6-4C1B-8E56-CB31C6741A18}.Debug|x64.ActiveCfg = Debug|x64
		{71AF75A0-52B6-4C1B-8E56-CB31C6741A18}.Debug|x64.Build.0 = Debug|x64
		{71AF75A0-52B6-4C1B-8E56-CB31C6741A18}.Debug|x86.ActiveCfg = Debug|Win32
		{71AF75A0-52B6-4C1B-8E56-CB31C6741A18}.Debug|x86.Build.0 = Debug|Win32
		{71AF75A0-52B6-4C1B-8E56-CB31C6741A18}.Release|x64.ActiveCfg = Release|x64
		{71AF75A0-52B6-4C1B-8E56-CB31C6741A18}.Release|x64.Build.0 = Release|x64
		{71AF75A0-52B6-4C1B-8E56-CB31C6741A18}.Release|x86.ActiveCfg = Release|Win32
		{71AF75A0-52B6-4C1B-8E56-CB31C6741A18}.Release|x86.Build.0 = Release|Win32
		{FA374001-442E-4E89-9E46-83CCE70A3064}.Debug|x64.ActiveCfg = Debug|Win32
		{FA374001-442E-4E89-9E46-83CCE70A3064}.Debug|x64.Build.0 = Debug|Win32
		{FA374001-442E-4E89-9E46-83CCE70A3064}.Debug|x86.ActiveCfg = Debug|Win32
		{FA374001-442E-4E89-9E46-83CCE70A3064}.Debug|x86.Build.0 = Debug|Win32
		{FA374001-442E-4E89-9E46-83CCE70A3064}.Release|x64.ActiveCfg = Release|x64
		{FA374001-442E-4E89-9E46-83CCE70A3064}.Release|x64.Build.0 = Release|x64
		{FA374001-442E-4E89-9E46-83CCE70A3064}.Release|x86.ActiveCfg = Release|Win32
		{FA374001-442E-4E89-9E46-83CCE70A3064}.Release|x86.Build.0 = Release|Win32
		{FA84C39B-9F95-4151-A7A9-16BB5B0DE170}.Debug|x64.ActiveCfg = Debug|Win32
		{FA84C39B-9F95-4151-A7A9-16BB5B0DE170}.Debug|x64.Build.0 = Debug|Win32
		{FA84C39B-9F95-4151-A7A9-16BB5B0DE170}.Debug|x86.ActiveCfg = Debug|Win32
		{FA84C39B-9F95-4151-A7A9-16BB5B0DE170}.Debug|x86.Build.0 = Debug|Win32
		{FA84C39B-9F95-4151-A7A9-16BB5B0DE170}.Release|x64.ActiveCfg = Release|x64
		{FA84C39B-9F95-4151-A7A9-16BB5B0DE170}.Release|x64.Build.0 = Release|x64
		{FA84C39B-9F95-4151-A7A9-16BB5B0DE170}.Release|x86.ActiveCfg = Release|Win32
		{FA84C39B-9F95-4151-A7A9-16BB5B0DE170}.Release|x86.Build.0 = Release|Win32
		{C22AB767-6673-4A9D-962E-A47C3D88D57E}.Debug|x64.ActiveCfg = Debug|x64
		{C22AB767-6673-4A9D-962E-A47C3D88D57E}.Debug|x64.Build.0 = Debug|x64
		{C22AB767-6673-4A9D-962E-A47C3D88D57E}.Debug|x86.ActiveCfg = Debug|Win32
		{C22AB767-6673-4A9D-962E-A47C3D88D57E}.Debug|x86.Build.0 = Debug|Win32
		{C22AB767-6673-4A9D-962E-A47C3D88D57E}.Release|x64.ActiveCfg = Release|x64
		{C22AB767-6673-4A9D-962E-A47C3D88D57E}.Release|x64.Build.0 = Release|x64
		{C22AB767-6673-4A9D-962E-A47C3D88D57E}.Release|x86.ActiveCfg = Release|Win32
		{C22AB767-6673-4A9D-962E-A47C3D88D57E}.Release|x86.Build.0 = Release|Win32
	EndGlobalSection
	GlobalSection(SolutionProperties) = preSolution
		HideSolutionNode = FALSE
	EndGlobalSection
EndGlobal
